{
  "version": "3",
  "packages": {
    "specifiers": {
      "jsr:@david/code-block-writer@^13.0.2": "jsr:@david/code-block-writer@13.0.2",
      "jsr:@deno/cache-dir@^0.10.3": "jsr:@deno/cache-dir@0.10.3",
      "jsr:@deno/dnt@^0.41.3": "jsr:@deno/dnt@0.41.3",
      "jsr:@std/assert@1.0.0": "jsr:@std/assert@1.0.0",
      "jsr:@std/assert@^0.223.0": "jsr:@std/assert@0.223.0",
      "jsr:@std/assert@^0.226.0": "jsr:@std/assert@0.226.0",
      "jsr:@std/bytes@^0.223.0": "jsr:@std/bytes@0.223.0",
      "jsr:@std/fmt@1": "jsr:@std/fmt@1.0.2",
      "jsr:@std/fmt@^0.223": "jsr:@std/fmt@0.223.0",
      "jsr:@std/fs@1": "jsr:@std/fs@1.0.3",
      "jsr:@std/fs@^0.223": "jsr:@std/fs@0.223.0",
      "jsr:@std/fs@^0.229.3": "jsr:@std/fs@0.229.3",
      "jsr:@std/internal@^1.0.1": "jsr:@std/internal@1.0.3",
      "jsr:@std/io@^0.223": "jsr:@std/io@0.223.0",
      "jsr:@std/path@1": "jsr:@std/path@1.0.6",
      "jsr:@std/path@1.0.0-rc.1": "jsr:@std/path@1.0.0-rc.1",
      "jsr:@std/path@^0.223": "jsr:@std/path@0.223.0",
      "jsr:@std/path@^0.225.2": "jsr:@std/path@0.225.2",
      "jsr:@std/path@^1.0.4": "jsr:@std/path@1.0.6",
      "jsr:@std/testing@^1.0.2": "jsr:@std/testing@1.0.2",
      "jsr:@ts-morph/bootstrap@^0.24.0": "jsr:@ts-morph/bootstrap@0.24.0",
      "jsr:@ts-morph/common@^0.24.0": "jsr:@ts-morph/common@0.24.0",
      "npm:@noble/hashes@^1.5.0": "npm:@noble/hashes@1.5.0",
      "npm:@types/node": "npm:@types/node@18.16.19"
    },
    "jsr": {
      "@david/code-block-writer@13.0.2": {
        "integrity": "14dd3baaafa3a2dea8bf7dfbcddeccaa13e583da2d21d666c01dc6d681cd74ad"
      },
      "@deno/cache-dir@0.10.3": {
        "integrity": "eb022f84ecc49c91d9d98131c6e6b118ff63a29e343624d058646b9d50404776",
        "dependencies": [
          "jsr:@std/fmt@^0.223",
          "jsr:@std/fs@^0.223",
          "jsr:@std/io@^0.223",
          "jsr:@std/path@^0.223"
        ]
      },
      "@deno/dnt@0.41.3": {
        "integrity": "b2ef2c8a5111eef86cb5bfcae103d6a2938e8e649e2461634a7befb7fc59d6d2",
        "dependencies": [
          "jsr:@david/code-block-writer@^13.0.2",
          "jsr:@deno/cache-dir@^0.10.3",
          "jsr:@std/fmt@1",
          "jsr:@std/fs@1",
          "jsr:@std/path@1",
          "jsr:@ts-morph/bootstrap@^0.24.0"
        ]
      },
      "@std/assert@0.223.0": {
        "integrity": "eb8d6d879d76e1cc431205bd346ed4d88dc051c6366365b1af47034b0670be24"
      },
      "@std/assert@0.226.0": {
        "integrity": "0dfb5f7c7723c18cec118e080fec76ce15b4c31154b15ad2bd74822603ef75b3"
      },
      "@std/assert@1.0.0": {
        "integrity": "0e4f6d873f7f35e2a1e6194ceee39686c996b9e5d134948e644d35d4c4df2008",
        "dependencies": [
          "jsr:@std/internal@^1.0.1"
        ]
      },
      "@std/bytes@0.223.0": {
        "integrity": "84b75052cd8680942c397c2631318772b295019098f40aac5c36cead4cba51a8"
      },
      "@std/fmt@0.223.0": {
        "integrity": "6deb37794127dfc7d7bded2586b9fc6f5d50e62a8134846608baf71ffc1a5208"
      },
      "@std/fmt@1.0.2": {
        "integrity": "87e9dfcdd3ca7c066e0c3c657c1f987c82888eb8103a3a3baa62684ffeb0f7a7"
      },
      "@std/fs@0.223.0": {
        "integrity": "3b4b0550b2c524cbaaa5a9170c90e96cbb7354e837ad1bdaf15fc9df1ae9c31c"
      },
      "@std/fs@0.229.3": {
        "integrity": "783bca21f24da92e04c3893c9e79653227ab016c48e96b3078377ebd5222e6eb",
        "dependencies": [
          "jsr:@std/path@1.0.0-rc.1"
        ]
      },
      "@std/fs@1.0.3": {
        "integrity": "3cb839b1360b0a42d8b367c3093bfe4071798e6694fa44cf1963e04a8edba4fe",
        "dependencies": [
          "jsr:@std/path@^1.0.4"
        ]
      },
      "@std/internal@1.0.3": {
        "integrity": "208e9b94a3d5649bd880e9ca38b885ab7651ab5b5303a56ed25de4755fb7b11e"
      },
      "@std/io@0.223.0": {
        "integrity": "2d8c3c2ab3a515619b90da2c6ff5ea7b75a94383259ef4d02116b228393f84f1",
        "dependencies": [
          "jsr:@std/assert@^0.223.0",
          "jsr:@std/bytes@^0.223.0"
        ]
      },
      "@std/path@0.223.0": {
        "integrity": "593963402d7e6597f5a6e620931661053572c982fc014000459edc1f93cc3989",
        "dependencies": [
          "jsr:@std/assert@^0.223.0"
        ]
      },
      "@std/path@0.225.2": {
        "integrity": "0f2db41d36b50ef048dcb0399aac720a5348638dd3cb5bf80685bf2a745aa506",
        "dependencies": [
          "jsr:@std/assert@^0.226.0"
        ]
      },
      "@std/path@1.0.0-rc.1": {
        "integrity": "b8c00ae2f19106a6bb7cbf1ab9be52aa70de1605daeb2dbdc4f87a7cbaf10ff6"
      },
      "@std/path@1.0.6": {
        "integrity": "ab2c55f902b380cf28e0eec501b4906e4c1960d13f00e11cfbcd21de15f18fed"
      },
      "@std/testing@1.0.2": {
        "integrity": "9e8a7f4e26c219addabe7942d09c3450fa0a74e9662341961bc0ef502274dec3"
      },
      "@ts-morph/bootstrap@0.24.0": {
        "integrity": "a826a2ef7fa8a7c3f1042df2c034d20744d94da2ee32bf29275bcd4dffd3c060",
        "dependencies": [
          "jsr:@ts-morph/common@^0.24.0"
        ]
      },
      "@ts-morph/common@0.24.0": {
        "integrity": "12b625b8e562446ba658cdbe9ad77774b4bd96b992ae8bd34c60dbf24d06c1f3",
        "dependencies": [
          "jsr:@std/fs@^0.229.3",
          "jsr:@std/path@^0.225.2"
        ]
      }
    },
    "npm": {
      "@noble/hashes@1.5.0": {
        "integrity": "sha512-1j6kQFb7QRru7eKN3ZDvRcP13rugwdxZqCjbiAVZfIJwgj2A65UmT4TgARXGlXgnRkORLTDTrO19ZErt7+QXgA==",
        "dependencies": {}
      },
      "@types/node@18.16.19": {
        "integrity": "sha512-IXl7o+R9iti9eBW4Wg2hx1xQDig183jj7YLn8F7udNceyfkbn1ZxmzZXuak20gR40D7pIkIY1kYGx5VIGbaHKA==",
        "dependencies": {}
      }
    }
  },
  "remote": {},
  "workspace": {
    "dependencies": [
      "npm:@noble/hashes@^1.5.0"
    ]
  }
}
